
Microsoft Visual Studio Solution File, Format Version 12.00
# Visual Studio Version 17
VisualStudioVersion = 17.6.33815.320
MinimumVisualStudioVersion = 10.0.40219.1
Project("{FAE04EC0-301F-11D3-BF4B-00C04F79EFBC}") = "WebXemPhim", "WebXemPhim\WebXemPhim.csproj", "{3F114712-26EF-4517-9BE9-71BC828EB314}"
EndProject
Global
	GlobalSection(SolutionConfigurationPlatforms) = preSolution
		Debug|Any CPU = Debug|Any CPU
		Release|Any CPU = Release|Any CPU
	EndGlobalSection
	GlobalSection(ProjectConfigurationPlatforms) = postSolution
		{3F114712-26EF-4517-9BE9-71BC828EB314}.Debug|Any CPU.ActiveCfg = Debug|Any CPU
		{3F114712-26EF-4517-9BE9-71BC828EB314}.Debug|Any CPU.Build.0 = Debug|Any CPU
		{3F114712-26EF-4517-9BE9-71BC828EB314}.Release|Any CPU.ActiveCfg = Release|Any CPU
		{3F114712-26EF-4517-9BE9-71BC828EB314}.Release|Any CPU.Build.0 = Release|Any CPU
	EndGlobalSection
	GlobalSection(SolutionProperties) = preSolution
		HideSolutionNode = FALSE
	EndGlobalSection
	GlobalSection(ExtensibilityGlobals) = postSolution
		SolutionGuid = {DBDAE7DD-2EB0-4EDE-B210-D0E86994B57C}
	EndGlobalSection
EndGlobal
